
Microsoft Visual Studio Solution File, Format Version 12.00
# Visual Studio Version 16
VisualStudioVersion = 16.0.31729.503
MinimumVisualStudioVersion = 10.0.40219.1
Project("{FAE04EC0-301F-11D3-BF4B-00C04F79EFBC}") = "WindowsFormsApp1", "WindowsFormsApp1\WindowsFormsApp1.csproj", "{68ABB79F-61EE-4AAE-BEBE-8441397454DF}"
EndProject
Global
	GlobalSection(SolutionConfigurationPlatforms) = preSolution
		Debug|Any CPU = Debug|Any CPU
		Release|Any CPU = Release|Any CPU
	EndGlobalSection
	GlobalSection(ProjectConfigurationPlatforms) = postSolution
		{68ABB79F-61EE-4AAE-BEBE-8441397454DF}.Debug|Any CPU.ActiveCfg = Debug|Any CPU
		{68ABB79F-61EE-4AAE-BEBE-8441397454DF}.Debug|Any CPU.Build.0 = Debug|Any CPU
		{68ABB79F-61EE-4AAE-BEBE-8441397454DF}.Release|Any CPU.ActiveCfg = Release|Any CPU
		{68ABB79F-61EE-4AAE-BEBE-8441397454DF}.Release|Any CPU.Build.0 = Release|Any CPU
	EndGlobalSection
	GlobalSection(SolutionProperties) = preSolution
		HideSolutionNode = FALSE
	EndGlobalSection
	GlobalSection(ExtensibilityGlobals) = postSolution
		SolutionGuid = {0011F25C-2FA8-40BE-83C2-A1DC3AFED07F}
	EndGlobalSection
EndGlobal
